
Microsoft Visual Studio Solution File, Format Version 12.00
# Visual Studio 15
VisualStudioVersion = 15.0.25807.0
MinimumVisualStudioVersion = 10.0.40219.1
Project("{2150E333-8FDC-42A3-9474-1A3956D46DE8}") = "Engine", "Engine", "{399116CA-A12D-4D57-86DB-855757A0FA37}"
EndProject
Project("{2150E333-8FDC-42A3-9474-1A3956D46DE8}") = "Games", "Games", "{A00DF84C-76D2-4A12-8AFF-7C7DB390BD44}"
EndProject
Project("{8BC9CEB8-8B4A-11D0-8D11-00A0C91BC942}") = "UE4", "Intermediate\ProjectFiles\UE4.vcxproj", "{0988E9DA-4C5A-4749-9139-E7CB8DAD7E2B}"
EndProject
Project("{8BC9CEB8-8B4A-11D0-8D11-00A0C91BC942}") = "Section03_1", "Intermediate\ProjectFiles\Section03_1.vcxproj", "{E4A5E82F-6CDB-41D7-9381-F143DC3736DA}"
EndProject
Global
	GlobalSection(SolutionConfigurationPlatforms) = preSolution
		DebugGame Editor|HTML5 = DebugGame Editor|HTML5
		DebugGame Editor|Win32 = DebugGame Editor|Win32
		DebugGame Editor|Win64 = DebugGame Editor|Win64
		DebugGame|HTML5 = DebugGame|HTML5
		DebugGame|Win32 = DebugGame|Win32
		DebugGame|Win64 = DebugGame|Win64
		Development Editor|HTML5 = Development Editor|HTML5
		Development Editor|Win32 = Development Editor|Win32
		Development Editor|Win64 = Development Editor|Win64
		Development|HTML5 = Development|HTML5
		Development|Win32 = Development|Win32
		Development|Win64 = Development|Win64
		Shipping|HTML5 = Shipping|HTML5
		Shipping|Win32 = Shipping|Win32
		Shipping|Win64 = Shipping|Win64
	EndGlobalSection
	GlobalSection(ProjectConfigurationPlatforms) = postSolution
		{E4A5E82F-6CDB-41D7-9381-F143DC3736DA}.DebugGame Editor|HTML5.ActiveCfg = HTML5_DebugGame_Editor|Win32
		{E4A5E82F-6CDB-41D7-9381-F143DC3736DA}.DebugGame Editor|Win32.ActiveCfg = DebugGame_Editor|Win32
		{E4A5E82F-6CDB-41D7-9381-F143DC3736DA}.DebugGame Editor|Win64.ActiveCfg = DebugGame_Editor|x64
		{E4A5E82F-6CDB-41D7-9381-F143DC3736DA}.DebugGame Editor|Win64.Build.0 = DebugGame_Editor|x64
		{E4A5E82F-6CDB-41D7-9381-F143DC3736DA}.DebugGame|HTML5.ActiveCfg = HTML5_DebugGame_Game|Win32
		{E4A5E82F-6CDB-41D7-9381-F143DC3736DA}.DebugGame|HTML5.Build.0 = HTML5_DebugGame_Game|Win32
		{E4A5E82F-6CDB-41D7-9381-F143DC3736DA}.DebugGame|Win32.ActiveCfg = DebugGame_Game|Win32
		{E4A5E82F-6CDB-41D7-9381-F143DC3736DA}.DebugGame|Win32.Build.0 = DebugGame_Game|Win32
		{E4A5E82F-6CDB-41D7-9381-F143DC3736DA}.DebugGame|Win64.ActiveCfg = DebugGame_Game|x64
		{E4A5E82F-6CDB-41D7-9381-F143DC3736DA}.DebugGame|Win64.Build.0 = DebugGame_Game|x64
		{E4A5E82F-6CDB-41D7-9381-F143DC3736DA}.Development Editor|HTML5.ActiveCfg = HTML5_Development_Editor|Win32
		{E4A5E82F-6CDB-41D7-9381-F143DC3736DA}.Development Editor|Win32.ActiveCfg = Development_Editor|Win32
		{E4A5E82F-6CDB-41D7-9381-F143DC3736DA}.Development Editor|Win64.ActiveCfg = Development_Editor|x64
		{E4A5E82F-6CDB-41D7-9381-F143DC3736DA}.Development Editor|Win64.Build.0 = Development_Editor|x64
		{E4A5E82F-6CDB-41D7-9381-F143DC3736DA}.Development|HTML5.ActiveCfg = HTML5_Development_Game|Win32
		{E4A5E82F-6CDB-41D7-9381-F143DC3736DA}.Development|HTML5.Build.0 = HTML5_Development_Game|Win32
		{E4A5E82F-6CDB-41D7-9381-F143DC3736DA}.Development|Win32.ActiveCfg = Development_Game|Win32
		{E4A5E82F-6CDB-41D7-9381-F143DC3736DA}.Development|Win32.Build.0 = Development_Game|Win32
		{E4A5E82F-6CDB-41D7-9381-F143DC3736DA}.Development|Win64.ActiveCfg = Development_Game|x64
		{E4A5E82F-6CDB-41D7-9381-F143DC3736DA}.Development|Win64.Build.0 = Development_Game|x64
		{E4A5E82F-6CDB-41D7-9381-F143DC3736DA}.Shipping|HTML5.ActiveCfg = HTML5_Shipping_Game|Win32
		{E4A5E82F-6CDB-41D7-9381-F143DC3736DA}.Shipping|HTML5.Build.0 = HTML5_Shipping_Game|Win32
		{E4A5E82F-6CDB-41D7-9381-F143DC3736DA}.Shipping|Win32.ActiveCfg = Shipping_Game|Win32
		{E4A5E82F-6CDB-41D7-9381-F143DC3736DA}.Shipping|Win32.Build.0 = Shipping_Game|Win32
		{E4A5E82F-6CDB-41D7-9381-F143DC3736DA}.Shipping|Win64.ActiveCfg = Shipping_Game|x64
		{E4A5E82F-6CDB-41D7-9381-F143DC3736DA}.Shipping|Win64.Build.0 = Shipping_Game|x64
	EndGlobalSection
	GlobalSection(SolutionProperties) = preSolution
		HideSolutionNode = FALSE
	EndGlobalSection
	GlobalSection(NestedProjects) = preSolution
		{0988E9DA-4C5A-4749-9139-E7CB8DAD7E2B} = {399116CA-A12D-4D57-86DB-855757A0FA37}
		{E4A5E82F-6CDB-41D7-9381-F143DC3736DA} = {A00DF84C-76D2-4A12-8AFF-7C7DB390BD44}
	EndGlobalSection
EndGlobal
